
Microsoft Visual Studio Solution File, Format Version 12.00
# Visual Studio Version 16
VisualStudioVersion = 16.0.30523.141
MinimumVisualStudioVersion = 10.0.40219.1
Project("{8BC9CEB8-8B4A-11D0-8D11-00A0C91BC942}") = "TestAlgo", "TestAlgo\TestAlgo.vcxproj", "{01254941-54EF-44C4-B154-4068D8A77ECB}"
EndProject
Global
	GlobalSection(SolutionConfigurationPlatforms) = preSolution
		Debug|x64 = Debug|x64
		Debug|x86 = Debug|x86
		Release|x64 = Release|x64
		Release|x86 = Release|x86
	EndGlobalSection
	GlobalSection(ProjectConfigurationPlatforms) = postSolution
		{01254941-54EF-44C4-B154-4068D8A77ECB}.Debug|x64.ActiveCfg = Debug|x64
		{01254941-54EF-44C4-B154-4068D8A77ECB}.Debug|x64.Build.0 = Debug|x64
		{01254941-54EF-44C4-B154-4068D8A77ECB}.Debug|x86.ActiveCfg = Debug|Win32
		{01254941-54EF-44C4-B154-4068D8A77ECB}.Debug|x86.Build.0 = Debug|Win32
		{01254941-54EF-44C4-B154-4068D8A77ECB}.Release|x64.ActiveCfg = Release|x64
		{01254941-54EF-44C4-B154-4068D8A77ECB}.Release|x64.Build.0 = Release|x64
		{01254941-54EF-44C4-B154-4068D8A77ECB}.Release|x86.ActiveCfg = Release|Win32
		{01254941-54EF-44C4-B154-4068D8A77ECB}.Release|x86.Build.0 = Release|Win32
	EndGlobalSection
	GlobalSection(SolutionProperties) = preSolution
		HideSolutionNode = FALSE
	EndGlobalSection
	GlobalSection(ExtensibilityGlobals) = postSolution
		SolutionGuid = {216F1E68-00A6-49B5-98A5-CD276755E003}
	EndGlobalSection
EndGlobal
